// !$*UTF8*$!
{
	archiveVersion = 1;
	classes = {
	};
	objectVersion = 56;
	objects = {

/* Begin PBXBuildFile section */
		A10001 /* TrashCatApp.swift in Sources */ = {isa = PBXBuildFile; fileRef = F10001; };
		A10032 /* AppDelegate.swift in Sources */ = {isa = PBXBuildFile; fileRef = F10029; };
		A10033 /* MenuBarController.swift in Sources */ = {isa = PBXBuildFile; fileRef = F10030; };
		A10002 /* ContentView.swift in Sources */ = {isa = PBXBuildFile; fileRef = F10002; };
		A10003 /* ScanModels.swift in Sources */ = {isa = PBXBuildFile; fileRef = F10003; };
		A10004 /* ScannableProtocol.swift in Sources */ = {isa = PBXBuildFile; fileRef = F10004; };
		A10009 /* OrphanScanner.swift in Sources */ = {isa = PBXBuildFile; fileRef = F10009; };
		A10017 /* BrowserCacheScanner.swift in Sources */ = {isa = PBXBuildFile; fileRef = F10017; };
		A10010 /* Assets.xcassets in Resources */ = {isa = PBXBuildFile; fileRef = F10010; };
		A10011 /* CleanManager.swift in Sources */ = {isa = PBXBuildFile; fileRef = F10011; };
		A10012 /* PermissionManager.swift in Sources */ = {isa = PBXBuildFile; fileRef = F10012; };
		A10018 /* FileCategorizer.swift in Sources */ = {isa = PBXBuildFile; fileRef = F10018; };
		A10019 /* RiskAssessor.swift in Sources */ = {isa = PBXBuildFile; fileRef = F10019; };
		A10020 /* ScanPolicy.swift in Sources */ = {isa = PBXBuildFile; fileRef = F10021; };
		A10021 /* RuleRegistry.swift in Sources */ = {isa = PBXBuildFile; fileRef = F10022; };
		A10022 /* RuleScanner.swift in Sources */ = {isa = PBXBuildFile; fileRef = F10023; };
		A10013 /* PermissionGuideView.swift in Sources */ = {isa = PBXBuildFile; fileRef = F10013; };
		A10014 /* ScanningView.swift in Sources */ = {isa = PBXBuildFile; fileRef = F10014; };
		A10015 /* ResultsView.swift in Sources */ = {isa = PBXBuildFile; fileRef = F10015; };
		A10016 /* CleanReportView.swift in Sources */ = {isa = PBXBuildFile; fileRef = F10016; };
		A10023 /* RiskAssessorTests.swift in Sources */ = {isa = PBXBuildFile; fileRef = F10024; };
		A10024 /* ScanPolicyTests.swift in Sources */ = {isa = PBXBuildFile; fileRef = F10025; };
		A10025 /* ScanModels.swift in Sources */ = {isa = PBXBuildFile; fileRef = F10003; };
		A10026 /* RiskAssessor.swift in Sources */ = {isa = PBXBuildFile; fileRef = F10019; };
		A10027 /* ScanPolicy.swift in Sources */ = {isa = PBXBuildFile; fileRef = F10021; };
		A10030 /* ScanHistory.swift in Sources */ = {isa = PBXBuildFile; fileRef = F10027; };
		A10031 /* L10n.swift in Sources */ = {isa = PBXBuildFile; fileRef = F10028; };
		A10028 /* RuleRegistry.swift in Sources */ = {isa = PBXBuildFile; fileRef = F10022; };
		A10029 /* FileCategorizer.swift in Sources */ = {isa = PBXBuildFile; fileRef = F10018; };
/* End PBXBuildFile section */

/* Begin PBXFileReference section */
		F10000 /* TrashCat.app */ = {isa = PBXFileReference; explicitFileType = wrapper.application; includeInIndex = 0; path = TrashCat.app; sourceTree = BUILT_PRODUCTS_DIR; };
		F10001 /* TrashCatApp.swift */ = {isa = PBXFileReference; lastKnownFileType = sourcecode.swift; path = TrashCatApp.swift; sourceTree = "<group>"; };
		F10029 /* AppDelegate.swift */ = {isa = PBXFileReference; lastKnownFileType = sourcecode.swift; path = AppDelegate.swift; sourceTree = "<group>"; };
		F10002 /* ContentView.swift */ = {isa = PBXFileReference; lastKnownFileType = sourcecode.swift; path = ContentView.swift; sourceTree = "<group>"; };
		F10003 /* ScanModels.swift */ = {isa = PBXFileReference; lastKnownFileType = sourcecode.swift; path = ScanModels.swift; sourceTree = "<group>"; };
		F10004 /* ScannableProtocol.swift */ = {isa = PBXFileReference; lastKnownFileType = sourcecode.swift; path = ScannableProtocol.swift; sourceTree = "<group>"; };
		F10009 /* OrphanScanner.swift */ = {isa = PBXFileReference; lastKnownFileType = sourcecode.swift; path = OrphanScanner.swift; sourceTree = "<group>"; };
		F10017 /* BrowserCacheScanner.swift */ = {isa = PBXFileReference; lastKnownFileType = sourcecode.swift; path = BrowserCacheScanner.swift; sourceTree = "<group>"; };
		F10010 /* Assets.xcassets */ = {isa = PBXFileReference; lastKnownFileType = folder.assetcatalog; path = Assets.xcassets; sourceTree = "<group>"; };
		F10011 /* CleanManager.swift */ = {isa = PBXFileReference; lastKnownFileType = sourcecode.swift; path = CleanManager.swift; sourceTree = "<group>"; };
		F10012 /* PermissionManager.swift */ = {isa = PBXFileReference; lastKnownFileType = sourcecode.swift; path = PermissionManager.swift; sourceTree = "<group>"; };
		F10018 /* FileCategorizer.swift */ = {isa = PBXFileReference; lastKnownFileType = sourcecode.swift; path = FileCategorizer.swift; sourceTree = "<group>"; };
		F10019 /* RiskAssessor.swift */ = {isa = PBXFileReference; lastKnownFileType = sourcecode.swift; path = RiskAssessor.swift; sourceTree = "<group>"; };
		F10021 /* ScanPolicy.swift */ = {isa = PBXFileReference; lastKnownFileType = sourcecode.swift; path = ScanPolicy.swift; sourceTree = "<group>"; };
		F10022 /* RuleRegistry.swift */ = {isa = PBXFileReference; lastKnownFileType = sourcecode.swift; path = RuleRegistry.swift; sourceTree = "<group>"; };
		F10026 /* TrashCatTests.xctest */ = {isa = PBXFileReference; explicitFileType = wrapper.cfbundle; includeInIndex = 0; path = TrashCatTests.xctest; sourceTree = BUILT_PRODUCTS_DIR; };
		F10023 /* RuleScanner.swift */ = {isa = PBXFileReference; lastKnownFileType = sourcecode.swift; path = RuleScanner.swift; sourceTree = "<group>"; };
		F10027 /* ScanHistory.swift */ = {isa = PBXFileReference; lastKnownFileType = sourcecode.swift; path = ScanHistory.swift; sourceTree = "<group>"; };
		F10028 /* L10n.swift */ = {isa = PBXFileReference; lastKnownFileType = sourcecode.swift; path = L10n.swift; sourceTree = "<group>"; };
		F10030 /* MenuBarController.swift */ = {isa = PBXFileReference; lastKnownFileType = sourcecode.swift; path = MenuBarController.swift; sourceTree = "<group>"; };
		F10013 /* PermissionGuideView.swift */ = {isa = PBXFileReference; lastKnownFileType = sourcecode.swift; path = PermissionGuideView.swift; sourceTree = "<group>"; };
		F10014 /* ScanningView.swift */ = {isa = PBXFileReference; lastKnownFileType = sourcecode.swift; path = ScanningView.swift; sourceTree = "<group>"; };
		F10015 /* ResultsView.swift */ = {isa = PBXFileReference; lastKnownFileType = sourcecode.swift; path = ResultsView.swift; sourceTree = "<group>"; };
		F10016 /* CleanReportView.swift */ = {isa = PBXFileReference; lastKnownFileType = sourcecode.swift; path = CleanReportView.swift; sourceTree = "<group>"; };
		F10020 /* Info.plist */ = {isa = PBXFileReference; lastKnownFileType = text.plist.xml; path = Info.plist; sourceTree = "<group>"; };
		F10024 /* RiskAssessorTests.swift */ = {isa = PBXFileReference; lastKnownFileType = sourcecode.swift; path = RiskAssessorTests.swift; sourceTree = "<group>"; };
		F10025 /* ScanPolicyTests.swift */ = {isa = PBXFileReference; lastKnownFileType = sourcecode.swift; path = ScanPolicyTests.swift; sourceTree = "<group>"; };
/* End PBXFileReference section */

/* Begin PBXGroup section */
		G10000 = {
			isa = PBXGroup;
			children = (
				G10001 /* TrashCat */,
				G10002 /* Products */,
				G10008 /* TrashCatTests */,
			);
			sourceTree = "<group>";
		};
		G10001 /* TrashCat */ = {
			isa = PBXGroup;
			children = (
				F10001 /* TrashCatApp.swift */,
				F10029 /* AppDelegate.swift */,
				F10002 /* ContentView.swift */,
				F10020 /* Info.plist */,
				F10010 /* Assets.xcassets */,
				G10003 /* Model */,
				G10004 /* Engine */,
				G10005 /* UI */,
				G10006 /* Utils */,
			);
			path = TrashCat;
			sourceTree = "<group>";
		};
		G10002 /* Products */ = {
			isa = PBXGroup;
			children = (
				F10000 /* TrashCat.app */,
			);
			name = Products;
			sourceTree = "<group>";
		};
				G10008 /* TrashCatTests */ = {
					isa = PBXGroup;
					children = (
						F10024 /* RiskAssessorTests.swift */,
						F10025 /* ScanPolicyTests.swift */,
					);
					path = TrashCatTests;
					sourceTree = "<group>";
				};
		G10003 /* Model */ = {
			isa = PBXGroup;
			children = (
				F10003 /* ScanModels.swift */,
				F10022 /* RuleRegistry.swift */,
			);
			path = Model;
			sourceTree = "<group>";
		};
		G10004 /* Engine */ = {
			isa = PBXGroup;
			children = (
				F10004 /* ScannableProtocol.swift */,
				F10011 /* CleanManager.swift */,
				G10007 /* Scanners */,
			);
			path = Engine;
			sourceTree = "<group>";
		};
		G10005 /* UI */ = {
			isa = PBXGroup;
			children = (
				F10013 /* PermissionGuideView.swift */,
				F10014 /* ScanningView.swift */,
				F10015 /* ResultsView.swift */,
				F10016 /* CleanReportView.swift */,
			);
			path = UI;
			sourceTree = "<group>";
		};
		G10006 /* Utils */ = {
			isa = PBXGroup;
			children = (
				F10012 /* PermissionManager.swift */,
				F10018 /* FileCategorizer.swift */,
				F10019 /* RiskAssessor.swift */,
				F10021 /* ScanPolicy.swift */,
				F10027 /* ScanHistory.swift */,
				F10028 /* L10n.swift */,
				F10030 /* MenuBarController.swift */,
			);
			path = Utils;
			sourceTree = "<group>";
		};
		G10007 /* Scanners */ = {
			isa = PBXGroup;
			children = (
				F10017 /* BrowserCacheScanner.swift */,
				F10009 /* OrphanScanner.swift */,
				F10023 /* RuleScanner.swift */,
			);
			path = Scanners;
			sourceTree = "<group>";
		};
/* End PBXGroup section */

/* Begin PBXNativeTarget section */
		N10000 /* TrashCat */ = {
			isa = PBXNativeTarget;
			buildConfigurationList = C10001;
			buildPhases = (
				B10001 /* Sources */,
				B10002 /* Resources */,
			);
			buildRules = (
			);
			dependencies = (
			);
			name = TrashCat;
			productName = TrashCat;
			productReference = F10000;
			productType = "com.apple.product-type.application";
		};
		N10001 /* TrashCatTests */ = {
			isa = PBXNativeTarget;
			buildConfigurationList = C10002;
			buildPhases = (
				B10003 /* Sources */,
			);
			buildRules = (
			);
			dependencies = (
				D10001 /* PBXTargetDependency */,
			);
			name = TrashCatTests;
			productName = TrashCatTests;
			productReference = F10026;
			productType = "com.apple.product-type.bundle.unit-test";
		};
/* End PBXNativeTarget section */

/* Begin PBXProject section */
		P10000 /* Project object */ = {
			isa = PBXProject;
			attributes = {
				BuildIndependentTargetsInParallel = 1;
				LastSwiftUpdateCheck = 1500;
				LastUpgradeCheck = 1500;
				TargetAttributes = {
					N10000 = {
						CreatedOnToolsVersion = 15.0;
					};
					N10001 = {
						CreatedOnToolsVersion = 15.0;
						TestTargetID = N10000;
					};
				};
			};
			buildConfigurationList = C10000;
			compatibilityVersion = "Xcode 14.0";
			developmentRegion = en;
			hasScannedForEncodings = 0;
			knownRegions = (
				en,
				Base,
				"zh-Hans",
			);
			mainGroup = G10000;
			productRefGroup = G10002;
			projectDirPath = "";
			projectRoot = "";
			targets = (
				N10000 /* TrashCat */,
				N10001 /* TrashCatTests */,
			);
		};
		D10001 /* PBXTargetDependency */ = {
			isa = PBXTargetDependency;
			target = N10000 /* TrashCat */;
			targetProxy = T10001 /* PBXContainerItemProxy */;
		};
		T10001 /* PBXContainerItemProxy */ = {
			isa = PBXContainerItemProxy;
			containerPortal = P10000 /* Project object */;
			proxyType = 1;
			remoteGlobalIDString = N10000;
			remoteInfo = TrashCat;
		};

/* End PBXProject section */

/* Begin PBXResourcesBuildPhase section */
		B10002 /* Resources */ = {
			isa = PBXResourcesBuildPhase;
			buildActionMask = 2147483647;
			files = (
				A10010 /* Assets.xcassets in Resources */,
			);
			runOnlyForDeploymentPostprocessing = 0;
		};
/* End PBXResourcesBuildPhase section */

/* Begin PBXSourcesBuildPhase section */
		B10001 /* Sources */ = {
			isa = PBXSourcesBuildPhase;
			buildActionMask = 2147483647;
			files = (
				A10001 /* TrashCatApp.swift in Sources */,
				A10032 /* AppDelegate.swift in Sources */,
				A10002 /* ContentView.swift in Sources */,
				A10003 /* ScanModels.swift in Sources */,
				A10004 /* ScannableProtocol.swift in Sources */,
				A10009 /* OrphanScanner.swift in Sources */,
				A10017 /* BrowserCacheScanner.swift in Sources */,
				A10011 /* CleanManager.swift in Sources */,
				A10012 /* PermissionManager.swift in Sources */,
				A10018 /* FileCategorizer.swift in Sources */,
				A10019 /* RiskAssessor.swift in Sources */,
				A10020 /* ScanPolicy.swift in Sources */,
				A10021 /* RuleRegistry.swift in Sources */,
				A10022 /* RuleScanner.swift in Sources */,
				A10013 /* PermissionGuideView.swift in Sources */,
				A10014 /* ScanningView.swift in Sources */,
				A10015 /* ResultsView.swift in Sources */,
				A10016 /* CleanReportView.swift in Sources */,
				A10030 /* ScanHistory.swift in Sources */,
				A10031 /* L10n.swift in Sources */,
				A10033 /* MenuBarController.swift in Sources */,
			);
			runOnlyForDeploymentPostprocessing = 0;
		};
		B10003 /* Sources */ = {
			isa = PBXSourcesBuildPhase;
			buildActionMask = 2147483647;
			files = (
				A10023 /* RiskAssessorTests.swift in Sources */,
				A10024 /* ScanPolicyTests.swift in Sources */,
			);
			runOnlyForDeploymentPostprocessing = 0;
		};
/* End PBXSourcesBuildPhase section */

/* Begin XCBuildConfiguration section */
		X10000 /* Debug */ = {
			isa = XCBuildConfiguration;
			buildSettings = {
				ALWAYS_SEARCH_USER_PATHS = NO;
				ASSETCATALOG_COMPILER_GENERATE_SWIFT_ASSET_SYMBOL_EXTENSIONS = YES;
				CLANG_ANALYZER_NONNULL = YES;
				CLANG_CXX_LANGUAGE_STANDARD = "gnu++20";
				CLANG_ENABLE_MODULES = YES;
				CLANG_ENABLE_OBJC_ARC = YES;
				COPY_PHASE_STRIP = NO;
				DEBUG_INFORMATION_FORMAT = dwarf;
				ENABLE_STRICT_OBJC_MSGSEND = YES;
				ENABLE_TESTABILITY = YES;
				GCC_DYNAMIC_NO_PIC = NO;
				GCC_OPTIMIZATION_LEVEL = 0;
				GCC_PREPROCESSOR_DEFINITIONS = (
					"DEBUG=1",
					"$(inherited)",
				);
				MACOSX_DEPLOYMENT_TARGET = 13.0;
				MTL_ENABLE_DEBUG_INFO = INCLUDE_SOURCE;
				ONLY_ACTIVE_ARCH = YES;
				SDKROOT = macosx;
				SWIFT_ACTIVE_COMPILATION_CONDITIONS = DEBUG;
				SWIFT_OPTIMIZATION_LEVEL = "-Onone";
			};
			name = Debug;
		};
		X10001 /* Release */ = {
			isa = XCBuildConfiguration;
			buildSettings = {
				ALWAYS_SEARCH_USER_PATHS = NO;
				ASSETCATALOG_COMPILER_GENERATE_SWIFT_ASSET_SYMBOL_EXTENSIONS = YES;
				CLANG_ANALYZER_NONNULL = YES;
				CLANG_CXX_LANGUAGE_STANDARD = "gnu++20";
				CLANG_ENABLE_MODULES = YES;
				CLANG_ENABLE_OBJC_ARC = YES;
				COPY_PHASE_STRIP = NO;
				DEBUG_INFORMATION_FORMAT = "dwarf-with-dsym";
				ENABLE_NS_ASSERTIONS = NO;
				ENABLE_STRICT_OBJC_MSGSEND = YES;
				GCC_OPTIMIZATION_LEVEL = s;
				MACOSX_DEPLOYMENT_TARGET = 13.0;
				MTL_ENABLE_DEBUG_INFO = NO;
				SDKROOT = macosx;
				SWIFT_COMPILATION_MODE = wholemodule;
				SWIFT_OPTIMIZATION_LEVEL = "-O";
			};
			name = Release;
		};
		X10010 /* Debug */ = {
			isa = XCBuildConfiguration;
			buildSettings = {
				ASSETCATALOG_COMPILER_APPICON_NAME = AppIcon;
				CODE_SIGN_STYLE = Automatic;
				COMBINE_HIDPI_IMAGES = YES;
				CURRENT_PROJECT_VERSION = 1;
				ENABLE_PREVIEWS = YES;
				GENERATE_INFOPLIST_FILE = NO;
				INFOPLIST_FILE = TrashCat/Info.plist;
				INFOPLIST_KEY_CFBundleDisplayName = TrashCat;
				INFOPLIST_KEY_NSHumanReadableCopyright = "Copyright © 2026 lunzi. All rights reserved.";
				LD_RUNPATH_SEARCH_PATHS = (
					"$(inherited)",
					"@executable_path/../Frameworks",
				);
				MARKETING_VERSION = 0.3.1;
				PRODUCT_BUNDLE_IDENTIFIER = com.lunzi.trashcat;
				PRODUCT_NAME = TrashCat;
				SWIFT_EMIT_LOC_STRINGS = YES;
				SWIFT_VERSION = 5.0;
			};
			name = Debug;
		};
		X10011 /* Release */ = {
			isa = XCBuildConfiguration;
			buildSettings = {
				ASSETCATALOG_COMPILER_APPICON_NAME = AppIcon;
				CODE_SIGN_STYLE = Automatic;
				COMBINE_HIDPI_IMAGES = YES;
				CURRENT_PROJECT_VERSION = 1;
				ENABLE_PREVIEWS = YES;
				GENERATE_INFOPLIST_FILE = NO;
				INFOPLIST_FILE = TrashCat/Info.plist;
				INFOPLIST_KEY_CFBundleDisplayName = TrashCat;
				INFOPLIST_KEY_NSHumanReadableCopyright = "Copyright © 2026 lunzi. All rights reserved.";
				LD_RUNPATH_SEARCH_PATHS = (
					"$(inherited)",
					"@executable_path/../Frameworks",
				);
				MARKETING_VERSION = 0.3.1;
				PRODUCT_BUNDLE_IDENTIFIER = com.lunzi.trashcat;
				PRODUCT_NAME = TrashCat;
				SWIFT_EMIT_LOC_STRINGS = YES;
				SWIFT_VERSION = 5.0;
			};
			name = Release;
		};
		X10020 /* Debug */ = {
			isa = XCBuildConfiguration;
			buildSettings = {
				CODE_SIGN_STYLE = Automatic;
				CURRENT_PROJECT_VERSION = 1;
				GENERATE_INFOPLIST_FILE = YES;
				MACOSX_DEPLOYMENT_TARGET = 13.0;
				MARKETING_VERSION = 0.3.1;
				PRODUCT_BUNDLE_IDENTIFIER = com.lunzi.trashcat.tests;
				PRODUCT_NAME = "$(TARGET_NAME)";
				SWIFT_EMIT_LOC_STRINGS = NO;
				SWIFT_VERSION = 5.0;
				TEST_HOST = "$(BUILT_PRODUCTS_DIR)/TrashCat.app/Contents/MacOS/TrashCat";
				BUNDLE_LOADER = "$(TEST_HOST)";
			};
			name = Debug;
		};
		X10021 /* Release */ = {
			isa = XCBuildConfiguration;
			buildSettings = {
				CODE_SIGN_STYLE = Automatic;
				CURRENT_PROJECT_VERSION = 1;
				GENERATE_INFOPLIST_FILE = YES;
				MACOSX_DEPLOYMENT_TARGET = 13.0;
				MARKETING_VERSION = 0.3.1;
				PRODUCT_BUNDLE_IDENTIFIER = com.lunzi.trashcat.tests;
				PRODUCT_NAME = "$(TARGET_NAME)";
				SWIFT_EMIT_LOC_STRINGS = NO;
				SWIFT_VERSION = 5.0;
				TEST_HOST = "$(BUILT_PRODUCTS_DIR)/TrashCat.app/Contents/MacOS/TrashCat";
				BUNDLE_LOADER = "$(TEST_HOST)";
			};
			name = Release;
		};
/* End XCBuildConfiguration section */

/* Begin XCConfigurationList section */
		C10000 /* Build configuration list for PBXProject */ = {
			isa = XCConfigurationList;
			buildConfigurations = (
				X10000 /* Debug */,
				X10001 /* Release */,
			);
			defaultConfigurationIsVisible = 0;
			defaultConfigurationName = Release;
		};
		C10001 /* Build configuration list for PBXNativeTarget */ = {
			isa = XCConfigurationList;
			buildConfigurations = (
				X10010 /* Debug */,
				X10011 /* Release */,
			);
			defaultConfigurationIsVisible = 0;
			defaultConfigurationName = Release;
		};
		C10002 /* Build configuration list for PBXNativeTarget "TrashCatTests" */ = {
			isa = XCConfigurationList;
			buildConfigurations = (
				X10020 /* Debug */,
				X10021 /* Release */,
			);
			defaultConfigurationIsVisible = 0;
			defaultConfigurationName = Release;
		};
/* End XCConfigurationList section */
	};
	rootObject = P10000 /* Project object */;
}
